
Microsoft Visual Studio Solution File, Format Version 11.00
# Visual C# Express 2010
Project("{FAE04EC0-301F-11D3-BF4B-00C04F79EFBC}") = "FurnitureSelector", "WindowsFormsApp\FurnitureSelector.csproj", "{69E26384-FABE-468F-95E5-C6F8B793C1B9}"
EndProject
Global
	GlobalSection(SolutionConfigurationPlatforms) = preSolution
		Debug|Any CPU = Debug|Any CPU
		Release|Any CPU = Release|Any CPU
	EndGlobalSection
	GlobalSection(ProjectConfigurationPlatforms) = postSolution
		{69E26384-FABE-468F-95E5-C6F8B793C1B9}.Debug|Any CPU.ActiveCfg = Debug|Any CPU
		{69E26384-FABE-468F-95E5-C6F8B793C1B9}.Debug|Any CPU.Build.0 = Debug|Any CPU
		{69E26384-FABE-468F-95E5-C6F8B793C1B9}.Release|Any CPU.ActiveCfg = Release|Any CPU
		{69E26384-FABE-468F-95E5-C6F8B793C1B9}.Release|Any CPU.Build.0 = Release|Any CPU
	EndGlobalSection
	GlobalSection(SolutionProperties) = preSolution
		HideSolutionNode = FALSE
	EndGlobalSection
EndGlobal
