
Microsoft Visual Studio Solution File, Format Version 12.00
# Visual Studio 15
VisualStudioVersion = 15.0.27428.2037
MinimumVisualStudioVersion = 10.0.40219.1
Project("{FAE04EC0-301F-11D3-BF4B-00C04F79EFBC}") = "ConsoleP3_22", "ConsoleP3_22\ConsoleP3_22.csproj", "{55260919-0C14-4B09-B56D-EC1A2149CBB6}"
EndProject
Project("{FAE04EC0-301F-11D3-BF4B-00C04F79EFBC}") = "WindowsP3_22", "WindowsP3_22\WindowsP3_22.csproj", "{78CB84D5-A81E-47F7-81B8-F0D139876A64}"
EndProject
Project("{FAE04EC0-301F-11D3-BF4B-00C04F79EFBC}") = "ConsoleP3_23", "ConsoleP3_23\ConsoleP3_23.csproj", "{1CEAFAF7-C29B-496C-A12C-D67228AB1F6E}"
EndProject
Project("{2150E333-8FDC-42A3-9474-1A3956D46DE8}") = "P3_22", "P3_22", "{A2A4C236-1650-4873-852F-B9A75A49DBC9}"
EndProject
Project("{FAE04EC0-301F-11D3-BF4B-00C04F79EFBC}") = "WindowsP3_23", "WindowsP3_23\WindowsP3_23.csproj", "{B3D0CAF9-C5AC-492F-B011-02FC556EC403}"
EndProject
Project("{2150E333-8FDC-42A3-9474-1A3956D46DE8}") = "P3_23", "P3_23", "{FA64DABD-122C-4263-88D7-070E875F3838}"
EndProject
Project("{FAE04EC0-301F-11D3-BF4B-00C04F79EFBC}") = "ConsoleP3_24", "ConsoleP3_24\ConsoleP3_24.csproj", "{B5E761DB-9CBA-4C8F-A48B-3B001098D416}"
EndProject
Project("{FAE04EC0-301F-11D3-BF4B-00C04F79EFBC}") = "WindowsP3_24", "WindowsP3_24\WindowsP3_24.csproj", "{0BD25D5E-9602-4D3D-94AF-F1346B0B951E}"
EndProject
Project("{2150E333-8FDC-42A3-9474-1A3956D46DE8}") = "P3_24", "P3_24", "{8AEF1AF7-EDB5-49A8-B367-24C70DD7AE43}"
EndProject
Project("{FAE04EC0-301F-11D3-BF4B-00C04F79EFBC}") = "ConsoleP3_25", "ConsoleP3_25\ConsoleP3_25.csproj", "{13D66282-63AC-4481-B9DC-06BEC733E08F}"
EndProject
Project("{FAE04EC0-301F-11D3-BF4B-00C04F79EFBC}") = "WindowsP3_25", "WindowsP3_25\WindowsP3_25.csproj", "{C010C357-B98A-4E6E-A523-C24059CDCFD6}"
EndProject
Project("{2150E333-8FDC-42A3-9474-1A3956D46DE8}") = "P3_25", "P3_25", "{7B5B2E8A-617E-447C-B397-BBC065D97E57}"
EndProject
Global
	GlobalSection(SolutionConfigurationPlatforms) = preSolution
		Debug|Any CPU = Debug|Any CPU
		Debug|x64 = Debug|x64
		Debug|x86 = Debug|x86
		Release|Any CPU = Release|Any CPU
		Release|x64 = Release|x64
		Release|x86 = Release|x86
	EndGlobalSection
	GlobalSection(ProjectConfigurationPlatforms) = postSolution
		{55260919-0C14-4B09-B56D-EC1A2149CBB6}.Debug|Any CPU.ActiveCfg = Debug|x86
		{55260919-0C14-4B09-B56D-EC1A2149CBB6}.Debug|x64.ActiveCfg = Debug|x64
		{55260919-0C14-4B09-B56D-EC1A2149CBB6}.Debug|x64.Build.0 = Debug|x64
		{55260919-0C14-4B09-B56D-EC1A2149CBB6}.Debug|x86.ActiveCfg = Debug|x86
		{55260919-0C14-4B09-B56D-EC1A2149CBB6}.Debug|x86.Build.0 = Debug|x86
		{55260919-0C14-4B09-B56D-EC1A2149CBB6}.Release|Any CPU.ActiveCfg = Release|x86
		{55260919-0C14-4B09-B56D-EC1A2149CBB6}.Release|x64.ActiveCfg = Release|x64
		{55260919-0C14-4B09-B56D-EC1A2149CBB6}.Release|x64.Build.0 = Release|x64
		{55260919-0C14-4B09-B56D-EC1A2149CBB6}.Release|x86.ActiveCfg = Release|x86
		{55260919-0C14-4B09-B56D-EC1A2149CBB6}.Release|x86.Build.0 = Release|x86
		{78CB84D5-A81E-47F7-81B8-F0D139876A64}.Debug|Any CPU.ActiveCfg = Debug|Any CPU
		{78CB84D5-A81E-47F7-81B8-F0D139876A64}.Debug|Any CPU.Build.0 = Debug|Any CPU
		{78CB84D5-A81E-47F7-81B8-F0D139876A64}.Debug|x64.ActiveCfg = Debug|Any CPU
		{78CB84D5-A81E-47F7-81B8-F0D139876A64}.Debug|x64.Build.0 = Debug|Any CPU
		{78CB84D5-A81E-47F7-81B8-F0D139876A64}.Debug|x86.ActiveCfg = Debug|Any CPU
		{78CB84D5-A81E-47F7-81B8-F0D139876A64}.Debug|x86.Build.0 = Debug|Any CPU
		{78CB84D5-A81E-47F7-81B8-F0D139876A64}.Release|Any CPU.ActiveCfg = Release|Any CPU
		{78CB84D5-A81E-47F7-81B8-F0D139876A64}.Release|Any CPU.Build.0 = Release|Any CPU
		{78CB84D5-A81E-47F7-81B8-F0D139876A64}.Release|x64.ActiveCfg = Release|Any CPU
		{78CB84D5-A81E-47F7-81B8-F0D139876A64}.Release|x64.Build.0 = Release|Any CPU
		{78CB84D5-A81E-47F7-81B8-F0D139876A64}.Release|x86.ActiveCfg = Release|Any CPU
		{78CB84D5-A81E-47F7-81B8-F0D139876A64}.Release|x86.Build.0 = Release|Any CPU
		{1CEAFAF7-C29B-496C-A12C-D67228AB1F6E}.Debug|Any CPU.ActiveCfg = Debug|Any CPU
		{1CEAFAF7-C29B-496C-A12C-D67228AB1F6E}.Debug|Any CPU.Build.0 = Debug|Any CPU
		{1CEAFAF7-C29B-496C-A12C-D67228AB1F6E}.Debug|x64.ActiveCfg = Debug|Any CPU
		{1CEAFAF7-C29B-496C-A12C-D67228AB1F6E}.Debug|x64.Build.0 = Debug|Any CPU
		{1CEAFAF7-C29B-496C-A12C-D67228AB1F6E}.Debug|x86.ActiveCfg = Debug|Any CPU
		{1CEAFAF7-C29B-496C-A12C-D67228AB1F6E}.Debug|x86.Build.0 = Debug|Any CPU
		{1CEAFAF7-C29B-496C-A12C-D67228AB1F6E}.Release|Any CPU.ActiveCfg = Release|Any CPU
		{1CEAFAF7-C29B-496C-A12C-D67228AB1F6E}.Release|Any CPU.Build.0 = Release|Any CPU
		{1CEAFAF7-C29B-496C-A12C-D67228AB1F6E}.Release|x64.ActiveCfg = Release|Any CPU
		{1CEAFAF7-C29B-496C-A12C-D67228AB1F6E}.Release|x64.Build.0 = Release|Any CPU
		{1CEAFAF7-C29B-496C-A12C-D67228AB1F6E}.Release|x86.ActiveCfg = Release|Any CPU
		{1CEAFAF7-C29B-496C-A12C-D67228AB1F6E}.Release|x86.Build.0 = Release|Any CPU
		{B3D0CAF9-C5AC-492F-B011-02FC556EC403}.Debug|Any CPU.ActiveCfg = Debug|Any CPU
		{B3D0CAF9-C5AC-492F-B011-02FC556EC403}.Debug|Any CPU.Build.0 = Debug|Any CPU
		{B3D0CAF9-C5AC-492F-B011-02FC556EC403}.Debug|x64.ActiveCfg = Debug|Any CPU
		{B3D0CAF9-C5AC-492F-B011-02FC556EC403}.Debug|x64.Build.0 = Debug|Any CPU
		{B3D0CAF9-C5AC-492F-B011-02FC556EC403}.Debug|x86.ActiveCfg = Debug|Any CPU
		{B3D0CAF9-C5AC-492F-B011-02FC556EC403}.Debug|x86.Build.0 = Debug|Any CPU
		{B3D0CAF9-C5AC-492F-B011-02FC556EC403}.Release|Any CPU.ActiveCfg = Release|Any CPU
		{B3D0CAF9-C5AC-492F-B011-02FC556EC403}.Release|Any CPU.Build.0 = Release|Any CPU
		{B3D0CAF9-C5AC-492F-B011-02FC556EC403}.Release|x64.ActiveCfg = Release|Any CPU
		{B3D0CAF9-C5AC-492F-B011-02FC556EC403}.Release|x64.Build.0 = Release|Any CPU
		{B3D0CAF9-C5AC-492F-B011-02FC556EC403}.Release|x86.ActiveCfg = Release|Any CPU
		{B3D0CAF9-C5AC-492F-B011-02FC556EC403}.Release|x86.Build.0 = Release|Any CPU
		{B5E761DB-9CBA-4C8F-A48B-3B001098D416}.Debug|Any CPU.ActiveCfg = Debug|Any CPU
		{B5E761DB-9CBA-4C8F-A48B-3B001098D416}.Debug|Any CPU.Build.0 = Debug|Any CPU
		{B5E761DB-9CBA-4C8F-A48B-3B001098D416}.Debug|x64.ActiveCfg = Debug|Any CPU
		{B5E761DB-9CBA-4C8F-A48B-3B001098D416}.Debug|x64.Build.0 = Debug|Any CPU
		{B5E761DB-9CBA-4C8F-A48B-3B001098D416}.Debug|x86.ActiveCfg = Debug|Any CPU
		{B5E761DB-9CBA-4C8F-A48B-3B001098D416}.Debug|x86.Build.0 = Debug|Any CPU
		{B5E761DB-9CBA-4C8F-A48B-3B001098D416}.Release|Any CPU.ActiveCfg = Release|Any CPU
		{B5E761DB-9CBA-4C8F-A48B-3B001098D416}.Release|Any CPU.Build.0 = Release|Any CPU
		{B5E761DB-9CBA-4C8F-A48B-3B001098D416}.Release|x64.ActiveCfg = Release|Any CPU
		{B5E761DB-9CBA-4C8F-A48B-3B001098D416}.Release|x64.Build.0 = Release|Any CPU
		{B5E761DB-9CBA-4C8F-A48B-3B001098D416}.Release|x86.ActiveCfg = Release|Any CPU
		{B5E761DB-9CBA-4C8F-A48B-3B001098D416}.Release|x86.Build.0 = Release|Any CPU
		{0BD25D5E-9602-4D3D-94AF-F1346B0B951E}.Debug|Any CPU.ActiveCfg = Debug|Any CPU
		{0BD25D5E-9602-4D3D-94AF-F1346B0B951E}.Debug|Any CPU.Build.0 = Debug|Any CPU
		{0BD25D5E-9602-4D3D-94AF-F1346B0B951E}.Debug|x64.ActiveCfg = Debug|Any CPU
		{0BD25D5E-9602-4D3D-94AF-F1346B0B951E}.Debug|x64.Build.0 = Debug|Any CPU
		{0BD25D5E-9602-4D3D-94AF-F1346B0B951E}.Debug|x86.ActiveCfg = Debug|Any CPU
		{0BD25D5E-9602-4D3D-94AF-F1346B0B951E}.Debug|x86.Build.0 = Debug|Any CPU
		{0BD25D5E-9602-4D3D-94AF-F1346B0B951E}.Release|Any CPU.ActiveCfg = Release|Any CPU
		{0BD25D5E-9602-4D3D-94AF-F1346B0B951E}.Release|Any CPU.Build.0 = Release|Any CPU
		{0BD25D5E-9602-4D3D-94AF-F1346B0B951E}.Release|x64.ActiveCfg = Release|Any CPU
		{0BD25D5E-9602-4D3D-94AF-F1346B0B951E}.Release|x64.Build.0 = Release|Any CPU
		{0BD25D5E-9602-4D3D-94AF-F1346B0B951E}.Release|x86.ActiveCfg = Release|Any CPU
		{0BD25D5E-9602-4D3D-94AF-F1346B0B951E}.Release|x86.Build.0 = Release|Any CPU
		{13D66282-63AC-4481-B9DC-06BEC733E08F}.Debug|Any CPU.ActiveCfg = Debug|Any CPU
		{13D66282-63AC-4481-B9DC-06BEC733E08F}.Debug|Any CPU.Build.0 = Debug|Any CPU
		{13D66282-63AC-4481-B9DC-06BEC733E08F}.Debug|x64.ActiveCfg = Debug|Any CPU
		{13D66282-63AC-4481-B9DC-06BEC733E08F}.Debug|x64.Build.0 = Debug|Any CPU
		{13D66282-63AC-4481-B9DC-06BEC733E08F}.Debug|x86.ActiveCfg = Debug|Any CPU
		{13D66282-63AC-4481-B9DC-06BEC733E08F}.Debug|x86.Build.0 = Debug|Any CPU
		{13D66282-63AC-4481-B9DC-06BEC733E08F}.Release|Any CPU.ActiveCfg = Release|Any CPU
		{13D66282-63AC-4481-B9DC-06BEC733E08F}.Release|Any CPU.Build.0 = Release|Any CPU
		{13D66282-63AC-4481-B9DC-06BEC733E08F}.Release|x64.ActiveCfg = Release|Any CPU
		{13D66282-63AC-4481-B9DC-06BEC733E08F}.Release|x64.Build.0 = Release|Any CPU
		{13D66282-63AC-4481-B9DC-06BEC733E08F}.Release|x86.ActiveCfg = Release|Any CPU
		{13D66282-63AC-4481-B9DC-06BEC733E08F}.Release|x86.Build.0 = Release|Any CPU
		{C010C357-B98A-4E6E-A523-C24059CDCFD6}.Debug|Any CPU.ActiveCfg = Debug|Any CPU
		{C010C357-B98A-4E6E-A523-C24059CDCFD6}.Debug|Any CPU.Build.0 = Debug|Any CPU
		{C010C357-B98A-4E6E-A523-C24059CDCFD6}.Debug|x64.ActiveCfg = Debug|Any CPU
		{C010C357-B98A-4E6E-A523-C24059CDCFD6}.Debug|x64.Build.0 = Debug|Any CPU
		{C010C357-B98A-4E6E-A523-C24059CDCFD6}.Debug|x86.ActiveCfg = Debug|Any CPU
		{C010C357-B98A-4E6E-A523-C24059CDCFD6}.Debug|x86.Build.0 = Debug|Any CPU
		{C010C357-B98A-4E6E-A523-C24059CDCFD6}.Release|Any CPU.ActiveCfg = Release|Any CPU
		{C010C357-B98A-4E6E-A523-C24059CDCFD6}.Release|Any CPU.Build.0 = Release|Any CPU
		{C010C357-B98A-4E6E-A523-C24059CDCFD6}.Release|x64.ActiveCfg = Release|Any CPU
		{C010C357-B98A-4E6E-A523-C24059CDCFD6}.Release|x64.Build.0 = Release|Any CPU
		{C010C357-B98A-4E6E-A523-C24059CDCFD6}.Release|x86.ActiveCfg = Release|Any CPU
		{C010C357-B98A-4E6E-A523-C24059CDCFD6}.Release|x86.Build.0 = Release|Any CPU
	EndGlobalSection
	GlobalSection(SolutionProperties) = preSolution
		HideSolutionNode = FALSE
	EndGlobalSection
	GlobalSection(NestedProjects) = preSolution
		{55260919-0C14-4B09-B56D-EC1A2149CBB6} = {A2A4C236-1650-4873-852F-B9A75A49DBC9}
		{78CB84D5-A81E-47F7-81B8-F0D139876A64} = {A2A4C236-1650-4873-852F-B9A75A49DBC9}
		{1CEAFAF7-C29B-496C-A12C-D67228AB1F6E} = {FA64DABD-122C-4263-88D7-070E875F3838}
		{B3D0CAF9-C5AC-492F-B011-02FC556EC403} = {FA64DABD-122C-4263-88D7-070E875F3838}
		{B5E761DB-9CBA-4C8F-A48B-3B001098D416} = {8AEF1AF7-EDB5-49A8-B367-24C70DD7AE43}
		{0BD25D5E-9602-4D3D-94AF-F1346B0B951E} = {8AEF1AF7-EDB5-49A8-B367-24C70DD7AE43}
		{13D66282-63AC-4481-B9DC-06BEC733E08F} = {7B5B2E8A-617E-447C-B397-BBC065D97E57}
		{C010C357-B98A-4E6E-A523-C24059CDCFD6} = {7B5B2E8A-617E-447C-B397-BBC065D97E57}
	EndGlobalSection
	GlobalSection(ExtensibilityGlobals) = postSolution
		SolutionGuid = {D6D9774C-CD4B-468A-9B1F-720FF6B668F6}
	EndGlobalSection
EndGlobal
