
Microsoft Visual Studio Solution File, Format Version 12.00
# Visual Studio Version 16
VisualStudioVersion = 16.0.29926.136
MinimumVisualStudioVersion = 10.0.40219.1
Project("{FAE04EC0-301F-11D3-BF4B-00C04F79EFBC}") = "IT_01-April-2020", "IT_01-April-2020\IT_01-April-2020.csproj", "{5596E724-045C-4808-9CB9-4C43AE3CD6AF}"
EndProject
Global
	GlobalSection(SolutionConfigurationPlatforms) = preSolution
		Debug|Any CPU = Debug|Any CPU
		Release|Any CPU = Release|Any CPU
	EndGlobalSection
	GlobalSection(ProjectConfigurationPlatforms) = postSolution
		{5596E724-045C-4808-9CB9-4C43AE3CD6AF}.Debug|Any CPU.ActiveCfg = Debug|Any CPU
		{5596E724-045C-4808-9CB9-4C43AE3CD6AF}.Debug|Any CPU.Build.0 = Debug|Any CPU
		{5596E724-045C-4808-9CB9-4C43AE3CD6AF}.Release|Any CPU.ActiveCfg = Release|Any CPU
		{5596E724-045C-4808-9CB9-4C43AE3CD6AF}.Release|Any CPU.Build.0 = Release|Any CPU
	EndGlobalSection
	GlobalSection(SolutionProperties) = preSolution
		HideSolutionNode = FALSE
	EndGlobalSection
	GlobalSection(ExtensibilityGlobals) = postSolution
		SolutionGuid = {72B44350-EC47-4EEE-ADC7-4C9B75CC38B9}
	EndGlobalSection
EndGlobal
