
Microsoft Visual Studio Solution File, Format Version 11.00
# Visual C# Express 2010
Project("{FAE04EC0-301F-11D3-BF4B-00C04F79EFBC}") = "LabelFun", "LabelFun\LabelFun.csproj", "{380B2671-BD0A-40F8-90A8-72608046C5BD}"
EndProject
Global
	GlobalSection(SolutionConfigurationPlatforms) = preSolution
		Debug|x86 = Debug|x86
		Release|x86 = Release|x86
	EndGlobalSection
	GlobalSection(ProjectConfigurationPlatforms) = postSolution
		{380B2671-BD0A-40F8-90A8-72608046C5BD}.Debug|x86.ActiveCfg = Debug|x86
		{380B2671-BD0A-40F8-90A8-72608046C5BD}.Debug|x86.Build.0 = Debug|x86
		{380B2671-BD0A-40F8-90A8-72608046C5BD}.Release|x86.ActiveCfg = Release|x86
		{380B2671-BD0A-40F8-90A8-72608046C5BD}.Release|x86.Build.0 = Release|x86
	EndGlobalSection
	GlobalSection(SolutionProperties) = preSolution
		HideSolutionNode = FALSE
	EndGlobalSection
EndGlobal
